{
  "requires": true,
  "lockfileVersion": 1,
  "dependencies": {
    "jquery": {
      "version": "3.3.1",
      "resolved": "https://registry.npmjs.org/jquery/-/jquery-3.3.1.tgz",
      "integrity": "sha512-Ubldcmxp5np52/ENotGxlLe6aGMvmF4R8S6tZjsP6Knsaxd/xp3Zrh50cG93lR6nPXyUFwzN3ZSOQI0wRJNdGg=="
    },
    "jquery.fancytree": {
      "version": "2.28.1",
      "resolved": "https://registry.npmjs.org/jquery.fancytree/-/jquery.fancytree-2.28.1.tgz",
      "integrity": "sha512-Vs5ka+Zn0ldZtmtjHtzE/8bzN3RqFb2nbE+nS6ZUy4ISW6KOBGk2QYtLFA8HbPsgkqVnjoDIXvU7VI6CSQ/FmA==",
      "requires": {
        "jquery": "3.3.1"
      }
    }
  }
}
